Microsoft Visual Studio Solution File, Format Version 11.00
# Visual Studio 2008

Project("{B53A117D-00F1-7DC1-8691-3D4DE0E27D5E}") = "GASTestEnvironment", "Assembly-CSharp.csproj", "{096B1857-0548-4D49-9AB5-BD377F513413}"
EndProject
Global
	GlobalSection(SolutionConfigurationPlatforms) = preSolution
		Debug|Any CPU = Debug|Any CPU
		Release|Any CPU = Release|Any CPU
	EndGlobalSection
	GlobalSection(ProjectConfigurationPlatforms) = postSolution
		{096B1857-0548-4D49-9AB5-BD377F513413}.Debug|Any CPU.ActiveCfg = Debug|Any CPU
		{096B1857-0548-4D49-9AB5-BD377F513413}.Debug|Any CPU.Build.0 = Debug|Any CPU
		{096B1857-0548-4D49-9AB5-BD377F513413}.Release|Any CPU.ActiveCfg = Release|Any CPU
		{096B1857-0548-4D49-9AB5-BD377F513413}.Release|Any CPU.Build.0 = Release|Any CPU
	EndGlobalSection
	GlobalSection(SolutionProperties) = preSolution
		HideSolutionNode = FALSE
	EndGlobalSection
	GlobalSection(MonoDevelopProperties) = preSolution
		StartupItem = Assembly-CSharp.csproj
	EndGlobalSection
EndGlobal
